schema: '2.0'
stages:
  load_data:
    cmd: python src\load_data.py --config=params.yaml
    deps:
    - path: data_given\winequality.csv
      md5: 64d12b891fb15cfabf65a98bb9dad2a7
      size: 85743
    - path: src\get_data.py
      md5: 9e9fee9d5b3768990296c82d5ef1256a
      size: 772
    - path: src\load_data.py
      md5: 8d9fb3a741d23652d1773759d8fd8726
      size: 667
    outs:
    - path: data\raw\winequality.csv
      md5: 86228a91cb3ca14021cce0aebdc65bf2
      size: 93569
  split_data:
    cmd: python src\split_data.py --config=params.yaml
    deps:
    - path: data\raw\winequality.csv
      md5: 86228a91cb3ca14021cce0aebdc65bf2
      size: 93569
    - path: src\split_data.py
      md5: 0f1d6a65bd8e885b4b01673925a88ff1
      size: 1068
    outs:
    - path: data\processed\test_winequality.csv
      md5: b31a4073fa82bc444fd5683cb5cf7e76
      size: 18832
    - path: data\processed\train_winequality.csv
      md5: 34dd371cf49c8e8170ccc7f91a0290a2
      size: 74884
  train_and_evaluate:
    cmd: python src\train_and_evaluate.py --config=params.yaml
    deps:
    - path: data\processed\test_winequality.csv
      md5: b31a4073fa82bc444fd5683cb5cf7e76
      size: 18832
    - path: data\processed\train_winequality.csv
      md5: 34dd371cf49c8e8170ccc7f91a0290a2
      size: 74884
    - path: src\train_and_evaluate.py
      md5: ba7d303928d0504e75d8b66a092cbf2c
      size: 2685
    params:
      params.yaml:
        estimators.ElasticNet.params.alpha: 0.9
        estimators.ElasticNet.params.l1_ratio: 0.4
    outs:
    - path: report\params.json
      md5: a4aab0167612f21a6085dd05cfafdbf6
      size: 44
    - path: report\scores.json
      md5: 02ac344e459242f071d03a8b4d7aabe8
      size: 101
    - path: saved_models\model.joblib
      md5: 40544062edcdbf8834e75d3f0d001652
      size: 1263
